
Microsoft Visual Studio Solution File, Format Version 12.00
# Visual Studio Version 17
VisualStudioVersion = 17.10.35122.118
MinimumVisualStudioVersion = 10.0.40219.1
Project("{FAE04EC0-301F-11D3-BF4B-00C04F79EFBC}") = "HotelApiProject", "HotelApiProject\HotelApiProject.csproj", "{9494DFBF-DEB4-4417-A820-462822E9D521}"
EndProject
Global
	GlobalSection(SolutionConfigurationPlatforms) = preSolution
		Debug|Any CPU = Debug|Any CPU
		Release|Any CPU = Release|Any CPU
	EndGlobalSection
	GlobalSection(ProjectConfigurationPlatforms) = postSolution
		{9494DFBF-DEB4-4417-A820-462822E9D521}.Debug|Any CPU.ActiveCfg = Debug|Any CPU
		{9494DFBF-DEB4-4417-A820-462822E9D521}.Debug|Any CPU.Build.0 = Debug|Any CPU
		{9494DFBF-DEB4-4417-A820-462822E9D521}.Release|Any CPU.ActiveCfg = Release|Any CPU
		{9494DFBF-DEB4-4417-A820-462822E9D521}.Release|Any CPU.Build.0 = Release|Any CPU
	EndGlobalSection
	GlobalSection(SolutionProperties) = preSolution
		HideSolutionNode = FALSE
	EndGlobalSection
	GlobalSection(ExtensibilityGlobals) = postSolution
		SolutionGuid = {C177034A-26CE-4202-879D-D41397D9D983}
	EndGlobalSection
EndGlobal
